
Microsoft Visual Studio Solution File, Format Version 12.00
# Visual Studio 15
VisualStudioVersion = 15.0.28307.421
MinimumVisualStudioVersion = 10.0.40219.1
Project("{2150E333-8FDC-42A3-9474-1A3956D46DE8}") = "src", "src", "{870CE5FB-632F-4061-B1F9-F0EC82565EF0}"
EndProject
Project("{2150E333-8FDC-42A3-9474-1A3956D46DE8}") = "tests", "tests", "{76461FF2-9A55-4ACE-9054-5A3268CE5D2A}"
EndProject
Project("{FAE04EC0-301F-11D3-BF4B-00C04F79EFBC}") = "ApplicationCore", "src\ApplicationCore\ApplicationCore.csproj", "{8BE0DC9A-64B0-4B08-948B-014CB29A2AD2}"
EndProject
Project("{FAE04EC0-301F-11D3-BF4B-00C04F79EFBC}") = "Infrastructure", "src\Infrastructure\Infrastructure.csproj", "{A6F14DE0-F090-49FD-ABB7-F8BCBE850E5B}"
EndProject
Project("{FAE04EC0-301F-11D3-BF4B-00C04F79EFBC}") = "Web", "src\Web\Web.csproj", "{00E35C72-EA24-4796-AE49-438586CA76B7}"
EndProject
Project("{FAE04EC0-301F-11D3-BF4B-00C04F79EFBC}") = "UnitTests", "tests\UnitTests\UnitTests.csproj", "{BF9B57BF-1E51-4396-8BA1-A89C58D9EEA3}"
EndProject
Global
	GlobalSection(SolutionConfigurationPlatforms) = preSolution
		Debug|Any CPU = Debug|Any CPU
		Release|Any CPU = Release|Any CPU
	EndGlobalSection
	GlobalSection(ProjectConfigurationPlatforms) = postSolution
		{8BE0DC9A-64B0-4B08-948B-014CB29A2AD2}.Debug|Any CPU.ActiveCfg = Debug|Any CPU
		{8BE0DC9A-64B0-4B08-948B-014CB29A2AD2}.Debug|Any CPU.Build.0 = Debug|Any CPU
		{8BE0DC9A-64B0-4B08-948B-014CB29A2AD2}.Release|Any CPU.ActiveCfg = Release|Any CPU
		{8BE0DC9A-64B0-4B08-948B-014CB29A2AD2}.Release|Any CPU.Build.0 = Release|Any CPU
		{A6F14DE0-F090-49FD-ABB7-F8BCBE850E5B}.Debug|Any CPU.ActiveCfg = Debug|Any CPU
		{A6F14DE0-F090-49FD-ABB7-F8BCBE850E5B}.Debug|Any CPU.Build.0 = Debug|Any CPU
		{A6F14DE0-F090-49FD-ABB7-F8BCBE850E5B}.Release|Any CPU.ActiveCfg = Release|Any CPU
		{A6F14DE0-F090-49FD-ABB7-F8BCBE850E5B}.Release|Any CPU.Build.0 = Release|Any CPU
		{00E35C72-EA24-4796-AE49-438586CA76B7}.Debug|Any CPU.ActiveCfg = Debug|Any CPU
		{00E35C72-EA24-4796-AE49-438586CA76B7}.Debug|Any CPU.Build.0 = Debug|Any CPU
		{00E35C72-EA24-4796-AE49-438586CA76B7}.Release|Any CPU.ActiveCfg = Release|Any CPU
		{00E35C72-EA24-4796-AE49-438586CA76B7}.Release|Any CPU.Build.0 = Release|Any CPU
		{BF9B57BF-1E51-4396-8BA1-A89C58D9EEA3}.Debug|Any CPU.ActiveCfg = Debug|Any CPU
		{BF9B57BF-1E51-4396-8BA1-A89C58D9EEA3}.Debug|Any CPU.Build.0 = Debug|Any CPU
		{BF9B57BF-1E51-4396-8BA1-A89C58D9EEA3}.Release|Any CPU.ActiveCfg = Release|Any CPU
		{BF9B57BF-1E51-4396-8BA1-A89C58D9EEA3}.Release|Any CPU.Build.0 = Release|Any CPU
	EndGlobalSection
	GlobalSection(SolutionProperties) = preSolution
		HideSolutionNode = FALSE
	EndGlobalSection
	GlobalSection(NestedProjects) = preSolution
		{8BE0DC9A-64B0-4B08-948B-014CB29A2AD2} = {870CE5FB-632F-4061-B1F9-F0EC82565EF0}
		{A6F14DE0-F090-49FD-ABB7-F8BCBE850E5B} = {870CE5FB-632F-4061-B1F9-F0EC82565EF0}
		{00E35C72-EA24-4796-AE49-438586CA76B7} = {870CE5FB-632F-4061-B1F9-F0EC82565EF0}
		{BF9B57BF-1E51-4396-8BA1-A89C58D9EEA3} = {76461FF2-9A55-4ACE-9054-5A3268CE5D2A}
	EndGlobalSection
	GlobalSection(ExtensibilityGlobals) = postSolution
		SolutionGuid = {F5F449A8-0AB6-4D49-B804-DBFB2E34F89A}
	EndGlobalSection
EndGlobal
